// !$*UTF8*$!
{
	archiveVersion = 1;
	classes = {
	};
	objectVersion = 56;
	objects = {

/* Begin PBXBuildFile section */
		C3061E3B2C35C9BE00D103C1 /* libkorin.a in Frameworks */ = {isa = PBXBuildFile; fileRef = C3061E3A2C35C9BE00D103C1 /* libkorin.a */; };
		C33D09602C360D1700ACA433 /* libkorin.a in Frameworks */ = {isa = PBXBuildFile; fileRef = C3061E3A2C35C9BE00D103C1 /* libkorin.a */; };
		C33D09612C360D1800ACA433 /* libkorin.a in Frameworks */ = {isa = PBXBuildFile; fileRef = C3061E3A2C35C9BE00D103C1 /* libkorin.a */; };
		C3B3B0C12C2E180900C0E528 /* AppDelegate.swift in Sources */ = {isa = PBXBuildFile; fileRef = C3B3B0C02C2E180900C0E528 /* AppDelegate.swift */; };
		C3B3B0C32C2E180900C0E528 /* SceneDelegate.swift in Sources */ = {isa = PBXBuildFile; fileRef = C3B3B0C22C2E180900C0E528 /* SceneDelegate.swift */; };
		C3B3B0C52C2E180900C0E528 /* ViewController.swift in Sources */ = {isa = PBXBuildFile; fileRef = C3B3B0C42C2E180900C0E528 /* ViewController.swift */; };
		C3B3B0C82C2E180900C0E528 /* Base in Resources */ = {isa = PBXBuildFile; fileRef = C3B3B0C72C2E180900C0E528 /* Base */; };
		C3B3B0CA2C2E180B00C0E528 /* Assets.xcassets in Resources */ = {isa = PBXBuildFile; fileRef = C3B3B0C92C2E180B00C0E528 /* Assets.xcassets */; };
		C3B3B0CD2C2E180B00C0E528 /* Base in Resources */ = {isa = PBXBuildFile; fileRef = C3B3B0CC2C2E180B00C0E528 /* Base */; };
		C3B3B0D82C2E180B00C0E528 /* Vallaroy_iOSTests.swift in Sources */ = {isa = PBXBuildFile; fileRef = C3B3B0D72C2E180B00C0E528 /* Vallaroy_iOSTests.swift */; };
		C3B3B0E22C2E180B00C0E528 /* Vallaroy_iOSUITests.swift in Sources */ = {isa = PBXBuildFile; fileRef = C3B3B0E12C2E180B00C0E528 /* Vallaroy_iOSUITests.swift */; };
		C3B3B0E42C2E180B00C0E528 /* Vallaroy_iOSUITestsLaunchTests.swift in Sources */ = {isa = PBXBuildFile; fileRef = C3B3B0E32C2E180B00C0E528 /* Vallaroy_iOSUITestsLaunchTests.swift */; };
		C3B3B0F42C333B1C00C0E528 /* KorWorld.mm in Sources */ = {isa = PBXBuildFile; fileRef = C3B3B0F32C333B1C00C0E528 /* KorWorld.mm */; };
		C3B3B0F82C33460B00C0E528 /* KorWorldEntity.mm in Sources */ = {isa = PBXBuildFile; fileRef = C3B3B0F72C33460B00C0E528 /* KorWorldEntity.mm */; };
/* End PBXBuildFile section */

/* Begin PBXContainerItemProxy section */
		C3B3B0D42C2E180B00C0E528 /* PBXContainerItemProxy */ = {
			isa = PBXContainerItemProxy;
			containerPortal = C3B3B0B52C2E180900C0E528 /* Project object */;
			proxyType = 1;
			remoteGlobalIDString = C3B3B0BC2C2E180900C0E528;
			remoteInfo = "Vallaroy-iOS";
		};
		C3B3B0DE2C2E180B00C0E528 /* PBXContainerItemProxy */ = {
			isa = PBXContainerItemProxy;
			containerPortal = C3B3B0B52C2E180900C0E528 /* Project object */;
			proxyType = 1;
			remoteGlobalIDString = C3B3B0BC2C2E180900C0E528;
			remoteInfo = "Vallaroy-iOS";
		};
/* End PBXContainerItemProxy section */

/* Begin PBXFileReference section */
		C3061E3A2C35C9BE00D103C1 /* libkorin.a */ = {isa = PBXFileReference; lastKnownFileType = archive.ar; name = libkorin.a; path = ../../korin/build/ios_sim/bin/release/libkorin.a; sourceTree = "<group>"; };
		C3061E3C2C35D45400D103C1 /* libkorin.a */ = {isa = PBXFileReference; lastKnownFileType = archive.ar; name = libkorin.a; path = ../../../korin/build/ios_sim/bin/release/libkorin.a; sourceTree = "<group>"; };
		C3B3B0BD2C2E180900C0E528 /* Vallaroy-iOS.app */ = {isa = PBXFileReference; explicitFileType = wrapper.application; includeInIndex = 0; path = "Vallaroy-iOS.app"; sourceTree = BUILT_PRODUCTS_DIR; };
		C3B3B0C02C2E180900C0E528 /* AppDelegate.swift */ = {isa = PBXFileReference; lastKnownFileType = sourcecode.swift; path = AppDelegate.swift; sourceTree = "<group>"; };
		C3B3B0C22C2E180900C0E528 /* SceneDelegate.swift */ = {isa = PBXFileReference; lastKnownFileType = sourcecode.swift; path = SceneDelegate.swift; sourceTree = "<group>"; };
		C3B3B0C42C2E180900C0E528 /* ViewController.swift */ = {isa = PBXFileReference; lastKnownFileType = sourcecode.swift; path = ViewController.swift; sourceTree = "<group>"; };
		C3B3B0C72C2E180900C0E528 /* Base */ = {isa = PBXFileReference; lastKnownFileType = file.storyboard; name = Base; path = Base.lproj/Main.storyboard; sourceTree = "<group>"; };
		C3B3B0C92C2E180B00C0E528 /* Assets.xcassets */ = {isa = PBXFileReference; lastKnownFileType = folder.assetcatalog; path = Assets.xcassets; sourceTree = "<group>"; };
		C3B3B0CC2C2E180B00C0E528 /* Base */ = {isa = PBXFileReference; lastKnownFileType = file.storyboard; name = Base; path = Base.lproj/LaunchScreen.storyboard; sourceTree = "<group>"; };
		C3B3B0CE2C2E180B00C0E528 /* Info.plist */ = {isa = PBXFileReference; lastKnownFileType = text.plist.xml; path = Info.plist; sourceTree = "<group>"; };
		C3B3B0D32C2E180B00C0E528 /* Vallaroy-iOSTests.xctest */ = {isa = PBXFileReference; explicitFileType = wrapper.cfbundle; includeInIndex = 0; path = "Vallaroy-iOSTests.xctest"; sourceTree = BUILT_PRODUCTS_DIR; };
		C3B3B0D72C2E180B00C0E528 /* Vallaroy_iOSTests.swift */ = {isa = PBXFileReference; lastKnownFileType = sourcecode.swift; path = Vallaroy_iOSTests.swift; sourceTree = "<group>"; };
		C3B3B0DD2C2E180B00C0E528 /* Vallaroy-iOSUITests.xctest */ = {isa = PBXFileReference; explicitFileType = wrapper.cfbundle; includeInIndex = 0; path = "Vallaroy-iOSUITests.xctest"; sourceTree = BUILT_PRODUCTS_DIR; };
		C3B3B0E12C2E180B00C0E528 /* Vallaroy_iOSUITests.swift */ = {isa = PBXFileReference; lastKnownFileType = sourcecode.swift; path = Vallaroy_iOSUITests.swift; sourceTree = "<group>"; };
		C3B3B0E32C2E180B00C0E528 /* Vallaroy_iOSUITestsLaunchTests.swift */ = {isa = PBXFileReference; lastKnownFileType = sourcecode.swift; path = Vallaroy_iOSUITestsLaunchTests.swift; sourceTree = "<group>"; };
		C3B3B0F12C2E1CBF00C0E528 /* KorWorld.hpp */ = {isa = PBXFileReference; lastKnownFileType = sourcecode.cpp.h; path = KorWorld.hpp; sourceTree = "<group>"; };
		C3B3B0F22C333B1B00C0E528 /* Vallaroy-iOS-Bridging-Header.h */ = {isa = PBXFileReference; lastKnownFileType = sourcecode.c.h; path = "Vallaroy-iOS-Bridging-Header.h"; sourceTree = "<group>"; };
		C3B3B0F32C333B1C00C0E528 /* KorWorld.mm */ = {isa = PBXFileReference; lastKnownFileType = sourcecode.cpp.objcpp; path = KorWorld.mm; sourceTree = "<group>"; };
		C3B3B0F62C3344E000C0E528 /* KorWorldEntity.hpp */ = {isa = PBXFileReference; lastKnownFileType = sourcecode.cpp.h; path = KorWorldEntity.hpp; sourceTree = "<group>"; };
		C3B3B0F72C33460B00C0E528 /* KorWorldEntity.mm */ = {isa = PBXFileReference; lastKnownFileType = sourcecode.cpp.objcpp; path = KorWorldEntity.mm; sourceTree = "<group>"; };
/* End PBXFileReference section */

/* Begin PBXFrameworksBuildPhase section */
		C3B3B0BA2C2E180900C0E528 /* Frameworks */ = {
			isa = PBXFrameworksBuildPhase;
			buildActionMask = 2147483647;
			files = (
				C3061E3B2C35C9BE00D103C1 /* libkorin.a in Frameworks */,
			);
			runOnlyForDeploymentPostprocessing = 0;
		};
		C3B3B0D02C2E180B00C0E528 /* Frameworks */ = {
			isa = PBXFrameworksBuildPhase;
			buildActionMask = 2147483647;
			files = (
				C33D09602C360D1700ACA433 /* libkorin.a in Frameworks */,
			);
			runOnlyForDeploymentPostprocessing = 0;
		};
		C3B3B0DA2C2E180B00C0E528 /* Frameworks */ = {
			isa = PBXFrameworksBuildPhase;
			buildActionMask = 2147483647;
			files = (
				C33D09612C360D1800ACA433 /* libkorin.a in Frameworks */,
			);
			runOnlyForDeploymentPostprocessing = 0;
		};
/* End PBXFrameworksBuildPhase section */

/* Begin PBXGroup section */
		C3061E392C35C9BE00D103C1 /* Frameworks */ = {
			isa = PBXGroup;
			children = (
				C3061E3A2C35C9BE00D103C1 /* libkorin.a */,
			);
			name = Frameworks;
			sourceTree = "<group>";
		};
		C3B3B0B42C2E180900C0E528 = {
			isa = PBXGroup;
			children = (
				C3B3B0BF2C2E180900C0E528 /* Vallaroy-iOS */,
				C3B3B0D62C2E180B00C0E528 /* Vallaroy-iOSTests */,
				C3B3B0E02C2E180B00C0E528 /* Vallaroy-iOSUITests */,
				C3B3B0BE2C2E180900C0E528 /* Products */,
				C3061E392C35C9BE00D103C1 /* Frameworks */,
			);
			sourceTree = "<group>";
		};
		C3B3B0BE2C2E180900C0E528 /* Products */ = {
			isa = PBXGroup;
			children = (
				C3B3B0BD2C2E180900C0E528 /* Vallaroy-iOS.app */,
				C3B3B0D32C2E180B00C0E528 /* Vallaroy-iOSTests.xctest */,
				C3B3B0DD2C2E180B00C0E528 /* Vallaroy-iOSUITests.xctest */,
			);
			name = Products;
			sourceTree = "<group>";
		};
		C3B3B0BF2C2E180900C0E528 /* Vallaroy-iOS */ = {
			isa = PBXGroup;
			children = (
				C3B3B0F52C33444A00C0E528 /* Korin Bridge */,
				C3B3B0C62C2E180900C0E528 /* Main.storyboard */,
				C3B3B0CB2C2E180B00C0E528 /* LaunchScreen.storyboard */,
				C3B3B0C02C2E180900C0E528 /* AppDelegate.swift */,
				C3B3B0C22C2E180900C0E528 /* SceneDelegate.swift */,
				C3B3B0C42C2E180900C0E528 /* ViewController.swift */,
				C3B3B0C92C2E180B00C0E528 /* Assets.xcassets */,
				C3061E3C2C35D45400D103C1 /* libkorin.a */,
				C3B3B0CE2C2E180B00C0E528 /* Info.plist */,
			);
			path = "Vallaroy-iOS";
			sourceTree = "<group>";
		};
		C3B3B0D62C2E180B00C0E528 /* Vallaroy-iOSTests */ = {
			isa = PBXGroup;
			children = (
				C3B3B0D72C2E180B00C0E528 /* Vallaroy_iOSTests.swift */,
			);
			path = "Vallaroy-iOSTests";
			sourceTree = "<group>";
		};
		C3B3B0E02C2E180B00C0E528 /* Vallaroy-iOSUITests */ = {
			isa = PBXGroup;
			children = (
				C3B3B0E12C2E180B00C0E528 /* Vallaroy_iOSUITests.swift */,
				C3B3B0E32C2E180B00C0E528 /* Vallaroy_iOSUITestsLaunchTests.swift */,
			);
			path = "Vallaroy-iOSUITests";
			sourceTree = "<group>";
		};
		C3B3B0F52C33444A00C0E528 /* Korin Bridge */ = {
			isa = PBXGroup;
			children = (
				C3B3B0F62C3344E000C0E528 /* KorWorldEntity.hpp */,
				C3B3B0F72C33460B00C0E528 /* KorWorldEntity.mm */,
				C3B3B0F12C2E1CBF00C0E528 /* KorWorld.hpp */,
				C3B3B0F32C333B1C00C0E528 /* KorWorld.mm */,
				C3B3B0F22C333B1B00C0E528 /* Vallaroy-iOS-Bridging-Header.h */,
			);
			path = "Korin Bridge";
			sourceTree = "<group>";
		};
/* End PBXGroup section */

/* Begin PBXNativeTarget section */
		C3B3B0BC2C2E180900C0E528 /* Vallaroy-iOS */ = {
			isa = PBXNativeTarget;
			buildConfigurationList = C3B3B0E72C2E180B00C0E528 /* Build configuration list for PBXNativeTarget "Vallaroy-iOS" */;
			buildPhases = (
				C3B3B0B92C2E180900C0E528 /* Sources */,
				C3B3B0BA2C2E180900C0E528 /* Frameworks */,
				C3B3B0BB2C2E180900C0E528 /* Resources */,
			);
			buildRules = (
			);
			dependencies = (
			);
			name = "Vallaroy-iOS";
			productName = "Vallaroy-iOS";
			productReference = C3B3B0BD2C2E180900C0E528 /* Vallaroy-iOS.app */;
			productType = "com.apple.product-type.application";
		};
		C3B3B0D22C2E180B00C0E528 /* Vallaroy-iOSTests */ = {
			isa = PBXNativeTarget;
			buildConfigurationList = C3B3B0EA2C2E180B00C0E528 /* Build configuration list for PBXNativeTarget "Vallaroy-iOSTests" */;
			buildPhases = (
				C3B3B0CF2C2E180B00C0E528 /* Sources */,
				C3B3B0D02C2E180B00C0E528 /* Frameworks */,
				C3B3B0D12C2E180B00C0E528 /* Resources */,
			);
			buildRules = (
			);
			dependencies = (
				C3B3B0D52C2E180B00C0E528 /* PBXTargetDependency */,
			);
			name = "Vallaroy-iOSTests";
			productName = "Vallaroy-iOSTests";
			productReference = C3B3B0D32C2E180B00C0E528 /* Vallaroy-iOSTests.xctest */;
			productType = "com.apple.product-type.bundle.unit-test";
		};
		C3B3B0DC2C2E180B00C0E528 /* Vallaroy-iOSUITests */ = {
			isa = PBXNativeTarget;
			buildConfigurationList = C3B3B0ED2C2E180B00C0E528 /* Build configuration list for PBXNativeTarget "Vallaroy-iOSUITests" */;
			buildPhases = (
				C3B3B0D92C2E180B00C0E528 /* Sources */,
				C3B3B0DA2C2E180B00C0E528 /* Frameworks */,
				C3B3B0DB2C2E180B00C0E528 /* Resources */,
			);
			buildRules = (
			);
			dependencies = (
				C3B3B0DF2C2E180B00C0E528 /* PBXTargetDependency */,
			);
			name = "Vallaroy-iOSUITests";
			productName = "Vallaroy-iOSUITests";
			productReference = C3B3B0DD2C2E180B00C0E528 /* Vallaroy-iOSUITests.xctest */;
			productType = "com.apple.product-type.bundle.ui-testing";
		};
/* End PBXNativeTarget section */

/* Begin PBXProject section */
		C3B3B0B52C2E180900C0E528 /* Project object */ = {
			isa = PBXProject;
			attributes = {
				BuildIndependentTargetsInParallel = 1;
				LastSwiftUpdateCheck = 1540;
				LastUpgradeCheck = 1540;
				TargetAttributes = {
					C3B3B0BC2C2E180900C0E528 = {
						CreatedOnToolsVersion = 15.4;
						LastSwiftMigration = 1540;
					};
					C3B3B0D22C2E180B00C0E528 = {
						CreatedOnToolsVersion = 15.4;
						TestTargetID = C3B3B0BC2C2E180900C0E528;
					};
					C3B3B0DC2C2E180B00C0E528 = {
						CreatedOnToolsVersion = 15.4;
						TestTargetID = C3B3B0BC2C2E180900C0E528;
					};
				};
			};
			buildConfigurationList = C3B3B0B82C2E180900C0E528 /* Build configuration list for PBXProject "Vallaroy-iOS" */;
			compatibilityVersion = "Xcode 14.0";
			developmentRegion = en;
			hasScannedForEncodings = 0;
			knownRegions = (
				en,
				Base,
			);
			mainGroup = C3B3B0B42C2E180900C0E528;
			productRefGroup = C3B3B0BE2C2E180900C0E528 /* Products */;
			projectDirPath = "";
			projectRoot = "";
			targets = (
				C3B3B0BC2C2E180900C0E528 /* Vallaroy-iOS */,
				C3B3B0D22C2E180B00C0E528 /* Vallaroy-iOSTests */,
				C3B3B0DC2C2E180B00C0E528 /* Vallaroy-iOSUITests */,
			);
		};
/* End PBXProject section */

/* Begin PBXResourcesBuildPhase section */
		C3B3B0BB2C2E180900C0E528 /* Resources */ = {
			isa = PBXResourcesBuildPhase;
			buildActionMask = 2147483647;
			files = (
				C3B3B0CA2C2E180B00C0E528 /* Assets.xcassets in Resources */,
				C3B3B0CD2C2E180B00C0E528 /* Base in Resources */,
				C3B3B0C82C2E180900C0E528 /* Base in Resources */,
			);
			runOnlyForDeploymentPostprocessing = 0;
		};
		C3B3B0D12C2E180B00C0E528 /* Resources */ = {
			isa = PBXResourcesBuildPhase;
			buildActionMask = 2147483647;
			files = (
			);
			runOnlyForDeploymentPostprocessing = 0;
		};
		C3B3B0DB2C2E180B00C0E528 /* Resources */ = {
			isa = PBXResourcesBuildPhase;
			buildActionMask = 2147483647;
			files = (
			);
			runOnlyForDeploymentPostprocessing = 0;
		};
/* End PBXResourcesBuildPhase section */

/* Begin PBXSourcesBuildPhase section */
		C3B3B0B92C2E180900C0E528 /* Sources */ = {
			isa = PBXSourcesBuildPhase;
			buildActionMask = 2147483647;
			files = (
				C3B3B0C52C2E180900C0E528 /* ViewController.swift in Sources */,
				C3B3B0F42C333B1C00C0E528 /* KorWorld.mm in Sources */,
				C3B3B0F82C33460B00C0E528 /* KorWorldEntity.mm in Sources */,
				C3B3B0C12C2E180900C0E528 /* AppDelegate.swift in Sources */,
				C3B3B0C32C2E180900C0E528 /* SceneDelegate.swift in Sources */,
			);
			runOnlyForDeploymentPostprocessing = 0;
		};
		C3B3B0CF2C2E180B00C0E528 /* Sources */ = {
			isa = PBXSourcesBuildPhase;
			buildActionMask = 2147483647;
			files = (
				C3B3B0D82C2E180B00C0E528 /* Vallaroy_iOSTests.swift in Sources */,
			);
			runOnlyForDeploymentPostprocessing = 0;
		};
		C3B3B0D92C2E180B00C0E528 /* Sources */ = {
			isa = PBXSourcesBuildPhase;
			buildActionMask = 2147483647;
			files = (
				C3B3B0E42C2E180B00C0E528 /* Vallaroy_iOSUITestsLaunchTests.swift in Sources */,
				C3B3B0E22C2E180B00C0E528 /* Vallaroy_iOSUITests.swift in Sources */,
			);
			runOnlyForDeploymentPostprocessing = 0;
		};
/* End PBXSourcesBuildPhase section */

/* Begin PBXTargetDependency section */
		C3B3B0D52C2E180B00C0E528 /* PBXTargetDependency */ = {
			isa = PBXTargetDependency;
			target = C3B3B0BC2C2E180900C0E528 /* Vallaroy-iOS */;
			targetProxy = C3B3B0D42C2E180B00C0E528 /* PBXContainerItemProxy */;
		};
		C3B3B0DF2C2E180B00C0E528 /* PBXTargetDependency */ = {
			isa = PBXTargetDependency;
			target = C3B3B0BC2C2E180900C0E528 /* Vallaroy-iOS */;
			targetProxy = C3B3B0DE2C2E180B00C0E528 /* PBXContainerItemProxy */;
		};
/* End PBXTargetDependency section */

/* Begin PBXVariantGroup section */
		C3B3B0C62C2E180900C0E528 /* Main.storyboard */ = {
			isa = PBXVariantGroup;
			children = (
				C3B3B0C72C2E180900C0E528 /* Base */,
			);
			name = Main.storyboard;
			sourceTree = "<group>";
		};
		C3B3B0CB2C2E180B00C0E528 /* LaunchScreen.storyboard */ = {
			isa = PBXVariantGroup;
			children = (
				C3B3B0CC2C2E180B00C0E528 /* Base */,
			);
			name = LaunchScreen.storyboard;
			sourceTree = "<group>";
		};
/* End PBXVariantGroup section */

/* Begin XCBuildConfiguration section */
		C3B3B0E52C2E180B00C0E528 /* Debug */ = {
			isa = XCBuildConfiguration;
			buildSettings = {
				ALWAYS_SEARCH_USER_PATHS = NO;
				ASSETCATALOG_COMPILER_GENERATE_SWIFT_ASSET_SYMBOL_EXTENSIONS = YES;
				CLANG_ANALYZER_NONNULL = YES;
				CLANG_ANALYZER_NUMBER_OBJECT_CONVERSION = YES_AGGRESSIVE;
				CLANG_CXX_LANGUAGE_STANDARD = "c++20";
				CLANG_ENABLE_MODULES = YES;
				CLANG_ENABLE_OBJC_ARC = YES;
				CLANG_ENABLE_OBJC_WEAK = YES;
				CLANG_OPTIMIZATION_PROFILE_FILE = "$(SRCROOT)/build/OptimizationProfiles/$(PROJECT_NAME).profdata";
				CLANG_WARN_BLOCK_CAPTURE_AUTORELEASING = YES;
				CLANG_WARN_BOOL_CONVERSION = YES;
				CLANG_WARN_COMMA = YES;
				CLANG_WARN_CONSTANT_CONVERSION = YES;
				CLANG_WARN_DEPRECATED_OBJC_IMPLEMENTATIONS = YES;
				CLANG_WARN_DIRECT_OBJC_ISA_USAGE = YES_ERROR;
				CLANG_WARN_DOCUMENTATION_COMMENTS = YES;
				CLANG_WARN_EMPTY_BODY = YES;
				CLANG_WARN_ENUM_CONVERSION = YES;
				CLANG_WARN_INFINITE_RECURSION = YES;
				CLANG_WARN_INT_CONVERSION = YES;
				CLANG_WARN_NON_LITERAL_NULL_CONVERSION = YES;
				CLANG_WARN_OBJC_IMPLICIT_RETAIN_SELF = YES;
				CLANG_WARN_OBJC_LITERAL_CONVERSION = YES;
				CLANG_WARN_OBJC_ROOT_CLASS = YES_ERROR;
				CLANG_WARN_QUOTED_INCLUDE_IN_FRAMEWORK_HEADER = YES;
				CLANG_WARN_RANGE_LOOP_ANALYSIS = YES;
				CLANG_WARN_STRICT_PROTOTYPES = YES;
				CLANG_WARN_SUSPICIOUS_MOVE = YES;
				CLANG_WARN_UNGUARDED_AVAILABILITY = YES_AGGRESSIVE;
				CLANG_WARN_UNREACHABLE_CODE = YES;
				CLANG_WARN__DUPLICATE_METHOD_MATCH = YES;
				CODE_SIGN_IDENTITY = "Apple Development";
				COPY_PHASE_STRIP = NO;
				DEBUG_INFORMATION_FORMAT = dwarf;
				ENABLE_STRICT_OBJC_MSGSEND = YES;
				ENABLE_TESTABILITY = YES;
				ENABLE_USER_SCRIPT_SANDBOXING = YES;
				FRAMEWORK_SEARCH_PATHS = "";
				GCC_C_LANGUAGE_STANDARD = c17;
				GCC_DYNAMIC_NO_PIC = NO;
				GCC_NO_COMMON_BLOCKS = YES;
				GCC_OPTIMIZATION_LEVEL = 0;
				GCC_PREPROCESSOR_DEFINITIONS = (
					"DEBUG=1",
					"$(inherited)",
				);
				GCC_WARN_64_TO_32_BIT_CONVERSION = YES;
				GCC_WARN_ABOUT_RETURN_TYPE = YES_ERROR;
				GCC_WARN_UNDECLARED_SELECTOR = YES;
				GCC_WARN_UNINITIALIZED_AUTOS = YES_AGGRESSIVE;
				GCC_WARN_UNUSED_FUNCTION = YES;
				GCC_WARN_UNUSED_VARIABLE = YES;
				HEADER_SEARCH_PATHS = "";
				IPHONEOS_DEPLOYMENT_TARGET = 17.5;
				LIBRARY_SEARCH_PATHS = "${SRCROOT}/../../korin/build/ios_sim/bin/release/";
				LOCALIZATION_PREFERS_STRING_CATALOGS = YES;
				MODULE_VERIFIER_SUPPORTED_LANGUAGES = "objective-c++";
				MODULE_VERIFIER_SUPPORTED_LANGUAGE_STANDARDS = "";
				MTL_ENABLE_DEBUG_INFO = INCLUDE_SOURCE;
				MTL_FAST_MATH = YES;
				ONLY_ACTIVE_ARCH = YES;
				SDKROOT = iphoneos;
				SWIFT_ACTIVE_COMPILATION_CONDITIONS = "DEBUG $(inherited)";
				SWIFT_OBJC_INTEROP_MODE = objcxx;
				SWIFT_OPTIMIZATION_LEVEL = "-Onone";
				USER_HEADER_SEARCH_PATHS = "";
			};
			name = Debug;
		};
		C3B3B0E62C2E180B00C0E528 /* Release */ = {
			isa = XCBuildConfiguration;
			buildSettings = {
				ALWAYS_SEARCH_USER_PATHS = NO;
				ASSETCATALOG_COMPILER_GENERATE_SWIFT_ASSET_SYMBOL_EXTENSIONS = YES;
				CLANG_ANALYZER_NONNULL = YES;
				CLANG_ANALYZER_NUMBER_OBJECT_CONVERSION = YES_AGGRESSIVE;
				CLANG_CXX_LANGUAGE_STANDARD = "c++20";
				CLANG_ENABLE_MODULES = YES;
				CLANG_ENABLE_OBJC_ARC = YES;
				CLANG_ENABLE_OBJC_WEAK = YES;
				CLANG_OPTIMIZATION_PROFILE_FILE = "$(SRCROOT)/build/OptimizationProfiles/$(PROJECT_NAME).profdata";
				CLANG_WARN_BLOCK_CAPTURE_AUTORELEASING = YES;
				CLANG_WARN_BOOL_CONVERSION = YES;
				CLANG_WARN_COMMA = YES;
				CLANG_WARN_CONSTANT_CONVERSION = YES;
				CLANG_WARN_DEPRECATED_OBJC_IMPLEMENTATIONS = YES;
				CLANG_WARN_DIRECT_OBJC_ISA_USAGE = YES_ERROR;
				CLANG_WARN_DOCUMENTATION_COMMENTS = YES;
				CLANG_WARN_EMPTY_BODY = YES;
				CLANG_WARN_ENUM_CONVERSION = YES;
				CLANG_WARN_INFINITE_RECURSION = YES;
				CLANG_WARN_INT_CONVERSION = YES;
				CLANG_WARN_NON_LITERAL_NULL_CONVERSION = YES;
				CLANG_WARN_OBJC_IMPLICIT_RETAIN_SELF = YES;
				CLANG_WARN_OBJC_LITERAL_CONVERSION = YES;
				CLANG_WARN_OBJC_ROOT_CLASS = YES_ERROR;
				CLANG_WARN_QUOTED_INCLUDE_IN_FRAMEWORK_HEADER = YES;
				CLANG_WARN_RANGE_LOOP_ANALYSIS = YES;
				CLANG_WARN_STRICT_PROTOTYPES = YES;
				CLANG_WARN_SUSPICIOUS_MOVE = YES;
				CLANG_WARN_UNGUARDED_AVAILABILITY = YES_AGGRESSIVE;
				CLANG_WARN_UNREACHABLE_CODE = YES;
				CLANG_WARN__DUPLICATE_METHOD_MATCH = YES;
				CODE_SIGN_IDENTITY = "Apple Development";
				COPY_PHASE_STRIP = NO;
				DEBUG_INFORMATION_FORMAT = "dwarf-with-dsym";
				ENABLE_NS_ASSERTIONS = NO;
				ENABLE_STRICT_OBJC_MSGSEND = YES;
				ENABLE_USER_SCRIPT_SANDBOXING = YES;
				FRAMEWORK_SEARCH_PATHS = "";
				GCC_C_LANGUAGE_STANDARD = c17;
				GCC_NO_COMMON_BLOCKS = YES;
				GCC_WARN_64_TO_32_BIT_CONVERSION = YES;
				GCC_WARN_ABOUT_RETURN_TYPE = YES_ERROR;
				GCC_WARN_UNDECLARED_SELECTOR = YES;
				GCC_WARN_UNINITIALIZED_AUTOS = YES_AGGRESSIVE;
				GCC_WARN_UNUSED_FUNCTION = YES;
				GCC_WARN_UNUSED_VARIABLE = YES;
				HEADER_SEARCH_PATHS = "";
				IPHONEOS_DEPLOYMENT_TARGET = 17.5;
				LIBRARY_SEARCH_PATHS = "${SRCROOT}/../../korin/build/ios_sim/bin/release/";
				LOCALIZATION_PREFERS_STRING_CATALOGS = YES;
				MODULE_VERIFIER_SUPPORTED_LANGUAGES = "objective-c++";
				MODULE_VERIFIER_SUPPORTED_LANGUAGE_STANDARDS = "";
				MTL_ENABLE_DEBUG_INFO = NO;
				MTL_FAST_MATH = YES;
				SDKROOT = iphoneos;
				SWIFT_COMPILATION_MODE = wholemodule;
				SWIFT_OBJC_INTEROP_MODE = objcxx;
				USER_HEADER_SEARCH_PATHS = "";
				VALIDATE_PRODUCT = YES;
			};
			name = Release;
		};
		C3B3B0E82C2E180B00C0E528 /* Debug */ = {
			isa = XCBuildConfiguration;
			buildSettings = {
				ARCHS = (
					"$(ARCHS_STANDARD)",
					x86_64,
				);
				ASSETCATALOG_COMPILER_APPICON_NAME = AppIcon;
				ASSETCATALOG_COMPILER_GLOBAL_ACCENT_COLOR_NAME = AccentColor;
				CLANG_CXX_LANGUAGE_STANDARD = "c++17";
				CLANG_ENABLE_MODULES = YES;
				CLANG_OPTIMIZATION_PROFILE_FILE = "$(SRCROOT)/build/OptimizationProfiles/$(PROJECT_NAME).profdata";
				CODE_SIGN_IDENTITY = "Apple Development";
				CODE_SIGN_STYLE = Automatic;
				CURRENT_PROJECT_VERSION = 1;
				DEVELOPMENT_TEAM = 8MJH2BEKLZ;
				GCC_C_LANGUAGE_STANDARD = c17;
				GENERATE_INFOPLIST_FILE = YES;
				HEADER_SEARCH_PATHS = "$(SRCROOT)/../../korin/include";
				INFOPLIST_FILE = "${PROJECT_NAME}/Info.plist";
				INFOPLIST_KEY_CFBundleDisplayName = "";
				INFOPLIST_KEY_LSApplicationCategoryType = "public.app-category.strategy-games";
				INFOPLIST_KEY_UIApplicationSupportsIndirectInputEvents = YES;
				INFOPLIST_KEY_UILaunchStoryboardName = LaunchScreen;
				INFOPLIST_KEY_UIMainStoryboardFile = Main;
				INFOPLIST_KEY_UISupportedInterfaceOrientations_iPad = "UIInterfaceOrientationPortrait UIInterfaceOrientationPortraitUpsideDown UIInterfaceOrientationLandscapeLeft UIInterfaceOrientationLandscapeRight";
				INFOPLIST_KEY_UISupportedInterfaceOrientations_iPhone = "UIInterfaceOrientationPortrait UIInterfaceOrientationLandscapeLeft UIInterfaceOrientationLandscapeRight";
				LD_RUNPATH_SEARCH_PATHS = (
					"$(inherited)",
					"@executable_path/Frameworks",
				);
				LIBRARY_SEARCH_PATHS = (
					"${SRCROOT}/../../korin/build/ios_sim/bin/debug/",
					"${SRCROOT}/../../korin/build/ios/bin/debug/",
				);
				MARKETING_VERSION = 1.0;
				PRODUCT_BUNDLE_IDENTIFIER = "com.finalfall.vallaroy-ios";
				PRODUCT_MODULE_NAME = "$(PRODUCT_NAME:c99extidentifier)";
				PRODUCT_NAME = "$(TARGET_NAME)";
				SWIFT_EMIT_LOC_STRINGS = YES;
				SWIFT_OBJC_BRIDGING_HEADER = "${PROJECT_NAME}/Korin Bridge/${PROJECT_NAME}-Bridging-Header.h";
				SWIFT_OBJC_INTEROP_MODE = objcxx;
				SWIFT_OPTIMIZATION_LEVEL = "-Onone";
				SWIFT_VERSION = 5.0;
				TARGETED_DEVICE_FAMILY = "1,2";
			};
			name = Debug;
		};
		C3B3B0E92C2E180B00C0E528 /* Release */ = {
			isa = XCBuildConfiguration;
			buildSettings = {
				ARCHS = (
					"$(ARCHS_STANDARD)",
					x86_64,
				);
				ASSETCATALOG_COMPILER_APPICON_NAME = AppIcon;
				ASSETCATALOG_COMPILER_GLOBAL_ACCENT_COLOR_NAME = AccentColor;
				CLANG_CXX_LANGUAGE_STANDARD = "c++17";
				CLANG_ENABLE_MODULES = YES;
				CLANG_OPTIMIZATION_PROFILE_FILE = "$(SRCROOT)/build/OptimizationProfiles/$(PROJECT_NAME).profdata";
				CODE_SIGN_IDENTITY = "Apple Development";
				CODE_SIGN_STYLE = Automatic;
				CURRENT_PROJECT_VERSION = 1;
				DEVELOPMENT_TEAM = 8MJH2BEKLZ;
				GCC_C_LANGUAGE_STANDARD = c17;
				GENERATE_INFOPLIST_FILE = YES;
				HEADER_SEARCH_PATHS = "$(SRCROOT)/../../korin/include";
				INFOPLIST_FILE = "${PROJECT_NAME}/Info.plist";
				INFOPLIST_KEY_CFBundleDisplayName = "";
				INFOPLIST_KEY_LSApplicationCategoryType = "public.app-category.strategy-games";
				INFOPLIST_KEY_UIApplicationSupportsIndirectInputEvents = YES;
				INFOPLIST_KEY_UILaunchStoryboardName = LaunchScreen;
				INFOPLIST_KEY_UIMainStoryboardFile = Main;
				INFOPLIST_KEY_UISupportedInterfaceOrientations_iPad = "UIInterfaceOrientationPortrait UIInterfaceOrientationPortraitUpsideDown UIInterfaceOrientationLandscapeLeft UIInterfaceOrientationLandscapeRight";
				INFOPLIST_KEY_UISupportedInterfaceOrientations_iPhone = "UIInterfaceOrientationPortrait UIInterfaceOrientationLandscapeLeft UIInterfaceOrientationLandscapeRight";
				LD_RUNPATH_SEARCH_PATHS = (
					"$(inherited)",
					"@executable_path/Frameworks",
				);
				LIBRARY_SEARCH_PATHS = (
					"${SRCROOT}/../../korin/build/ios_sim/bin/release/",
					"${SRCROOT}/../../korin/build/ios/bin/release/",
				);
				MARKETING_VERSION = 1.0;
				PRODUCT_BUNDLE_IDENTIFIER = "com.finalfall.vallaroy-ios";
				PRODUCT_MODULE_NAME = "$(PRODUCT_NAME:c99extidentifier)";
				PRODUCT_NAME = "$(TARGET_NAME)";
				SWIFT_EMIT_LOC_STRINGS = YES;
				SWIFT_OBJC_BRIDGING_HEADER = "${PROJECT_NAME}/Korin Bridge/${PROJECT_NAME}-Bridging-Header.h";
				SWIFT_OBJC_INTEROP_MODE = objcxx;
				SWIFT_VERSION = 5.0;
				TARGETED_DEVICE_FAMILY = "1,2";
			};
			name = Release;
		};
		C3B3B0EB2C2E180B00C0E528 /* Debug */ = {
			isa = XCBuildConfiguration;
			buildSettings = {
				ALWAYS_EMBED_SWIFT_STANDARD_LIBRARIES = YES;
				BUNDLE_LOADER = "$(TEST_HOST)";
				CODE_SIGN_STYLE = Automatic;
				CURRENT_PROJECT_VERSION = 1;
				DEVELOPMENT_TEAM = 8MJH2BEKLZ;
				GENERATE_INFOPLIST_FILE = YES;
				IPHONEOS_DEPLOYMENT_TARGET = 17.5;
				MARKETING_VERSION = 1.0;
				PRODUCT_BUNDLE_IDENTIFIER = "com.finalfallgames.Vallaroy-iOSTests";
				PRODUCT_NAME = "$(TARGET_NAME)";
				SWIFT_EMIT_LOC_STRINGS = NO;
				SWIFT_VERSION = 5.0;
				TARGETED_DEVICE_FAMILY = "1,2";
				TEST_HOST = "$(BUILT_PRODUCTS_DIR)/Vallaroy-iOS.app/$(BUNDLE_EXECUTABLE_FOLDER_PATH)/Vallaroy-iOS";
			};
			name = Debug;
		};
		C3B3B0EC2C2E180B00C0E528 /* Release */ = {
			isa = XCBuildConfiguration;
			buildSettings = {
				ALWAYS_EMBED_SWIFT_STANDARD_LIBRARIES = YES;
				BUNDLE_LOADER = "$(TEST_HOST)";
				CODE_SIGN_STYLE = Automatic;
				CURRENT_PROJECT_VERSION = 1;
				DEVELOPMENT_TEAM = 8MJH2BEKLZ;
				GENERATE_INFOPLIST_FILE = YES;
				IPHONEOS_DEPLOYMENT_TARGET = 17.5;
				MARKETING_VERSION = 1.0;
				PRODUCT_BUNDLE_IDENTIFIER = "com.finalfallgames.Vallaroy-iOSTests";
				PRODUCT_NAME = "$(TARGET_NAME)";
				SWIFT_EMIT_LOC_STRINGS = NO;
				SWIFT_VERSION = 5.0;
				TARGETED_DEVICE_FAMILY = "1,2";
				TEST_HOST = "$(BUILT_PRODUCTS_DIR)/Vallaroy-iOS.app/$(BUNDLE_EXECUTABLE_FOLDER_PATH)/Vallaroy-iOS";
			};
			name = Release;
		};
		C3B3B0EE2C2E180B00C0E528 /* Debug */ = {
			isa = XCBuildConfiguration;
			buildSettings = {
				ALWAYS_EMBED_SWIFT_STANDARD_LIBRARIES = YES;
				CODE_SIGN_STYLE = Automatic;
				CURRENT_PROJECT_VERSION = 1;
				DEVELOPMENT_TEAM = 8MJH2BEKLZ;
				GENERATE_INFOPLIST_FILE = YES;
				MARKETING_VERSION = 1.0;
				PRODUCT_BUNDLE_IDENTIFIER = "com.finalfallgames.Vallaroy-iOSUITests";
				PRODUCT_NAME = "$(TARGET_NAME)";
				SWIFT_EMIT_LOC_STRINGS = NO;
				SWIFT_VERSION = 5.0;
				TARGETED_DEVICE_FAMILY = "1,2";
				TEST_TARGET_NAME = "Vallaroy-iOS";
			};
			name = Debug;
		};
		C3B3B0EF2C2E180B00C0E528 /* Release */ = {
			isa = XCBuildConfiguration;
			buildSettings = {
				ALWAYS_EMBED_SWIFT_STANDARD_LIBRARIES = YES;
				CODE_SIGN_STYLE = Automatic;
				CURRENT_PROJECT_VERSION = 1;
				DEVELOPMENT_TEAM = 8MJH2BEKLZ;
				GENERATE_INFOPLIST_FILE = YES;
				MARKETING_VERSION = 1.0;
				PRODUCT_BUNDLE_IDENTIFIER = "com.finalfallgames.Vallaroy-iOSUITests";
				PRODUCT_NAME = "$(TARGET_NAME)";
				SWIFT_EMIT_LOC_STRINGS = NO;
				SWIFT_VERSION = 5.0;
				TARGETED_DEVICE_FAMILY = "1,2";
				TEST_TARGET_NAME = "Vallaroy-iOS";
			};
			name = Release;
		};
/* End XCBuildConfiguration section */

/* Begin XCConfigurationList section */
		C3B3B0B82C2E180900C0E528 /* Build configuration list for PBXProject "Vallaroy-iOS" */ = {
			isa = XCConfigurationList;
			buildConfigurations = (
				C3B3B0E52C2E180B00C0E528 /* Debug */,
				C3B3B0E62C2E180B00C0E528 /* Release */,
			);
			defaultConfigurationIsVisible = 0;
			defaultConfigurationName = Release;
		};
		C3B3B0E72C2E180B00C0E528 /* Build configuration list for PBXNativeTarget "Vallaroy-iOS" */ = {
			isa = XCConfigurationList;
			buildConfigurations = (
				C3B3B0E82C2E180B00C0E528 /* Debug */,
				C3B3B0E92C2E180B00C0E528 /* Release */,
			);
			defaultConfigurationIsVisible = 0;
			defaultConfigurationName = Release;
		};
		C3B3B0EA2C2E180B00C0E528 /* Build configuration list for PBXNativeTarget "Vallaroy-iOSTests" */ = {
			isa = XCConfigurationList;
			buildConfigurations = (
				C3B3B0EB2C2E180B00C0E528 /* Debug */,
				C3B3B0EC2C2E180B00C0E528 /* Release */,
			);
			defaultConfigurationIsVisible = 0;
			defaultConfigurationName = Release;
		};
		C3B3B0ED2C2E180B00C0E528 /* Build configuration list for PBXNativeTarget "Vallaroy-iOSUITests" */ = {
			isa = XCConfigurationList;
			buildConfigurations = (
				C3B3B0EE2C2E180B00C0E528 /* Debug */,
				C3B3B0EF2C2E180B00C0E528 /* Release */,
			);
			defaultConfigurationIsVisible = 0;
			defaultConfigurationName = Release;
		};
/* End XCConfigurationList section */
	};
	rootObject = C3B3B0B52C2E180900C0E528 /* Project object */;
}
